
Microsoft Visual Studio Solution File, Format Version 12.00
# Visual Studio 2017
Project("{FAE04EC0-301F-11D3-BF4B-00C04F79EFBC}") = "PaintGirl", "PaintGirl.csproj", "{61D4838D-762F-DC75-E1D3-D1FE216F901F}"
EndProject
Project("{FAE04EC0-301F-11D3-BF4B-00C04F79EFBC}") = "PaintGirl.Editor", "PaintGirl.Editor.csproj", "{937C2922-84D5-F3CB-F6FA-FB5B51E3FDA4}"
EndProject
Global
	GlobalSection(SolutionConfigurationPlatforms) = preSolution
		Debug|Any CPU = Debug|Any CPU
		Release|Any CPU = Release|Any CPU
	EndGlobalSection
	GlobalSection(ProjectConfigurationPlatforms) = postSolution
		{61D4838D-762F-DC75-E1D3-D1FE216F901F}.Debug|Any CPU.ActiveCfg = Debug|Any CPU
		{61D4838D-762F-DC75-E1D3-D1FE216F901F}.Debug|Any CPU.Build.0 = Debug|Any CPU
		{61D4838D-762F-DC75-E1D3-D1FE216F901F}.Release|Any CPU.ActiveCfg = Release|Any CPU
		{61D4838D-762F-DC75-E1D3-D1FE216F901F}.Release|Any CPU.Build.0 = Release|Any CPU
		{937C2922-84D5-F3CB-F6FA-FB5B51E3FDA4}.Debug|Any CPU.ActiveCfg = Debug|Any CPU
		{937C2922-84D5-F3CB-F6FA-FB5B51E3FDA4}.Debug|Any CPU.Build.0 = Debug|Any CPU
		{937C2922-84D5-F3CB-F6FA-FB5B51E3FDA4}.Release|Any CPU.ActiveCfg = Release|Any CPU
		{937C2922-84D5-F3CB-F6FA-FB5B51E3FDA4}.Release|Any CPU.Build.0 = Release|Any CPU
	EndGlobalSection
	GlobalSection(SolutionProperties) = preSolution
		HideSolutionNode = FALSE
	EndGlobalSection
EndGlobal
